
Microsoft Visual Studio Solution File, Format Version 12.00
# Visual Studio 2012
Project("{FAE04EC0-301F-11D3-BF4B-00C04F79EFBC}") = "GymVoices", "WpfApplication1\GymVoices.csproj", "{7789EE31-5F65-4501-A849-C1CF75A7525E}"
EndProject
Project("{2150E333-8FDC-42A3-9474-1A3956D46DE8}") = "Solution Items", "Solution Items", "{F6637E62-114D-4E9D-ACAC-425A3193C850}"
	ProjectSection(SolutionItems) = preProject
		..\..\..\..\Desktop\Zinnia\logo.JPG = ..\..\..\..\Desktop\Zinnia\logo.JPG
	EndProjectSection
EndProject
Global
	GlobalSection(SolutionConfigurationPlatforms) = preSolution
		Debug|Any CPU = Debug|Any CPU
		Release|Any CPU = Release|Any CPU
	EndGlobalSection
	GlobalSection(ProjectConfigurationPlatforms) = postSolution
		{7789EE31-5F65-4501-A849-C1CF75A7525E}.Debug|Any CPU.ActiveCfg = Debug|Any CPU
		{7789EE31-5F65-4501-A849-C1CF75A7525E}.Debug|Any CPU.Build.0 = Debug|Any CPU
		{7789EE31-5F65-4501-A849-C1CF75A7525E}.Release|Any CPU.ActiveCfg = Release|Any CPU
		{7789EE31-5F65-4501-A849-C1CF75A7525E}.Release|Any CPU.Build.0 = Release|Any CPU
	EndGlobalSection
	GlobalSection(SolutionProperties) = preSolution
		HideSolutionNode = FALSE
	EndGlobalSection
EndGlobal
